
Microsoft Visual Studio Solution File, Format Version 12.00
Project("{FAE04EC0-301F-11D3-BF4B-00C04F79EFBC}") = "Demo.WebApi", "Demo.WebApi\Demo.WebApi.csproj", "{09F79680-C7B7-4D3C-9028-1FA3C5E328CA}"
EndProject
Project("{2150E333-8FDC-42A3-9474-1A3956D46DE8}") = "Presentation", "Presentation", "{4BF5AFDD-4F75-4E71-BE07-F596BF3DEDDE}"
EndProject
Project("{FAE04EC0-301F-11D3-BF4B-00C04F79EFBC}") = "Demo.Domain", "Demo.Domain\Demo.Domain.csproj", "{4E3B2A0A-F6A5-4B79-A564-87B26B9F8DDC}"
EndProject
Project("{2150E333-8FDC-42A3-9474-1A3956D46DE8}") = "Core", "Core", "{2C0627FE-B05A-41FE-AB20-6D9597E9730B}"
EndProject
Project("{FAE04EC0-301F-11D3-BF4B-00C04F79EFBC}") = "Demo.Application", "Demo.Application\Demo.Application.csproj", "{4BFD025F-1033-4476-B567-00DFC41FA121}"
EndProject
Project("{2150E333-8FDC-42A3-9474-1A3956D46DE8}") = "Infrastructure", "Infrastructure", "{D2892616-30EE-4379-B569-69846F53BCDE}"
EndProject
Project("{FAE04EC0-301F-11D3-BF4B-00C04F79EFBC}") = "Demo.Infrastructure", "Demo.Infrastructure\Demo.Infrastructure.csproj", "{26E1C61C-AC36-41BC-8733-8D76D14181DB}"
EndProject
Project("{2150E333-8FDC-42A3-9474-1A3956D46DE8}") = "Tests", "Tests", "{27EF8ADA-0877-4DD2-8B2A-36454DC5BBB1}"
EndProject
Project("{FAE04EC0-301F-11D3-BF4B-00C04F79EFBC}") = "Demo.Tests", "Demo.Tests\Demo.Tests.csproj", "{AE657514-1917-442D-B083-005947E0B206}"
EndProject
Global
	GlobalSection(SolutionConfigurationPlatforms) = preSolution
		Debug|Any CPU = Debug|Any CPU
		Release|Any CPU = Release|Any CPU
	EndGlobalSection
	GlobalSection(ProjectConfigurationPlatforms) = postSolution
		{09F79680-C7B7-4D3C-9028-1FA3C5E328CA}.Debug|Any CPU.ActiveCfg = Debug|Any CPU
		{09F79680-C7B7-4D3C-9028-1FA3C5E328CA}.Debug|Any CPU.Build.0 = Debug|Any CPU
		{09F79680-C7B7-4D3C-9028-1FA3C5E328CA}.Release|Any CPU.ActiveCfg = Release|Any CPU
		{09F79680-C7B7-4D3C-9028-1FA3C5E328CA}.Release|Any CPU.Build.0 = Release|Any CPU
		{4E3B2A0A-F6A5-4B79-A564-87B26B9F8DDC}.Debug|Any CPU.ActiveCfg = Debug|Any CPU
		{4E3B2A0A-F6A5-4B79-A564-87B26B9F8DDC}.Debug|Any CPU.Build.0 = Debug|Any CPU
		{4E3B2A0A-F6A5-4B79-A564-87B26B9F8DDC}.Release|Any CPU.ActiveCfg = Release|Any CPU
		{4E3B2A0A-F6A5-4B79-A564-87B26B9F8DDC}.Release|Any CPU.Build.0 = Release|Any CPU
		{4BFD025F-1033-4476-B567-00DFC41FA121}.Debug|Any CPU.ActiveCfg = Debug|Any CPU
		{4BFD025F-1033-4476-B567-00DFC41FA121}.Debug|Any CPU.Build.0 = Debug|Any CPU
		{4BFD025F-1033-4476-B567-00DFC41FA121}.Release|Any CPU.ActiveCfg = Release|Any CPU
		{4BFD025F-1033-4476-B567-00DFC41FA121}.Release|Any CPU.Build.0 = Release|Any CPU
		{26E1C61C-AC36-41BC-8733-8D76D14181DB}.Debug|Any CPU.ActiveCfg = Debug|Any CPU
		{26E1C61C-AC36-41BC-8733-8D76D14181DB}.Debug|Any CPU.Build.0 = Debug|Any CPU
		{26E1C61C-AC36-41BC-8733-8D76D14181DB}.Release|Any CPU.ActiveCfg = Release|Any CPU
		{26E1C61C-AC36-41BC-8733-8D76D14181DB}.Release|Any CPU.Build.0 = Release|Any CPU
		{AE657514-1917-442D-B083-005947E0B206}.Debug|Any CPU.ActiveCfg = Debug|Any CPU
		{AE657514-1917-442D-B083-005947E0B206}.Debug|Any CPU.Build.0 = Debug|Any CPU
		{AE657514-1917-442D-B083-005947E0B206}.Release|Any CPU.ActiveCfg = Release|Any CPU
		{AE657514-1917-442D-B083-005947E0B206}.Release|Any CPU.Build.0 = Release|Any CPU
	EndGlobalSection
	GlobalSection(NestedProjects) = preSolution
		{09F79680-C7B7-4D3C-9028-1FA3C5E328CA} = {4BF5AFDD-4F75-4E71-BE07-F596BF3DEDDE}
		{4E3B2A0A-F6A5-4B79-A564-87B26B9F8DDC} = {2C0627FE-B05A-41FE-AB20-6D9597E9730B}
		{4BFD025F-1033-4476-B567-00DFC41FA121} = {2C0627FE-B05A-41FE-AB20-6D9597E9730B}
		{26E1C61C-AC36-41BC-8733-8D76D14181DB} = {D2892616-30EE-4379-B569-69846F53BCDE}
		{AE657514-1917-442D-B083-005947E0B206} = {27EF8ADA-0877-4DD2-8B2A-36454DC5BBB1}
	EndGlobalSection
EndGlobal
